
Microsoft Visual Studio Solution File, Format Version 12.00
# Visual Studio Version 16
VisualStudioVersion = 16.0.31112.23
MinimumVisualStudioVersion = 10.0.40219.1
Project("{FAE04EC0-301F-11D3-BF4B-00C04F79EFBC}") = "ASPWebApiTest", "ASPWebApiTest\ASPWebApiTest.csproj", "{843E8473-F17A-4629-9D2D-7D4AB5C464C0}"
EndProject
Global
	GlobalSection(SolutionConfigurationPlatforms) = preSolution
		Debug|Any CPU = Debug|Any CPU
		Release|Any CPU = Release|Any CPU
	EndGlobalSection
	GlobalSection(ProjectConfigurationPlatforms) = postSolution
		{843E8473-F17A-4629-9D2D-7D4AB5C464C0}.Debug|Any CPU.ActiveCfg = Debug|Any CPU
		{843E8473-F17A-4629-9D2D-7D4AB5C464C0}.Debug|Any CPU.Build.0 = Debug|Any CPU
		{843E8473-F17A-4629-9D2D-7D4AB5C464C0}.Release|Any CPU.ActiveCfg = Release|Any CPU
		{843E8473-F17A-4629-9D2D-7D4AB5C464C0}.Release|Any CPU.Build.0 = Release|Any CPU
	EndGlobalSection
	GlobalSection(SolutionProperties) = preSolution
		HideSolutionNode = FALSE
	EndGlobalSection
	GlobalSection(ExtensibilityGlobals) = postSolution
		SolutionGuid = {EC98CCA8-15B1-48AD-B889-E5006AE455B3}
	EndGlobalSection
EndGlobal
